
Microsoft Visual Studio Solution File, Format Version 12.00
# Visual Studio Version 16
VisualStudioVersion = 16.0.32106.194
MinimumVisualStudioVersion = 10.0.40219.1
Project("{FAE04EC0-301F-11D3-BF4B-00C04F79EFBC}") = "AppCenterApp.Android", "AppCenterApp\AppCenterApp.Android\AppCenterApp.Android.csproj", "{9940BD00-2C5C-4207-9B2A-20059EBBFA15}"
EndProject
Project("{FAE04EC0-301F-11D3-BF4B-00C04F79EFBC}") = "AppCenterApp.iOS", "AppCenterApp\AppCenterApp.iOS\AppCenterApp.iOS.csproj", "{39DA8331-B24B-441C-8DA0-C5FF89D6AC1E}"
EndProject
Project("{FAE04EC0-301F-11D3-BF4B-00C04F79EFBC}") = "AppCenterApp", "AppCenterApp\AppCenterApp\AppCenterApp.csproj", "{C4051058-5802-4041-80C8-B4A671E2A9CE}"
EndProject
Global
	GlobalSection(SolutionConfigurationPlatforms) = preSolution
		Debug|Any CPU = Debug|Any CPU
		Debug|iPhone = Debug|iPhone
		Debug|iPhoneSimulator = Debug|iPhoneSimulator
		Release|Any CPU = Release|Any CPU
		Release|iPhone = Release|iPhone
		Release|iPhoneSimulator = Release|iPhoneSimulator
	EndGlobalSection
	GlobalSection(ProjectConfigurationPlatforms) = postSolution
		{9940BD00-2C5C-4207-9B2A-20059EBBFA15}.Debug|Any CPU.ActiveCfg = Debug|Any CPU
		{9940BD00-2C5C-4207-9B2A-20059EBBFA15}.Debug|Any CPU.Build.0 = Debug|Any CPU
		{9940BD00-2C5C-4207-9B2A-20059EBBFA15}.Debug|Any CPU.Deploy.0 = Debug|Any CPU
		{9940BD00-2C5C-4207-9B2A-20059EBBFA15}.Debug|iPhone.ActiveCfg = Debug|Any CPU
		{9940BD00-2C5C-4207-9B2A-20059EBBFA15}.Debug|iPhone.Build.0 = Debug|Any CPU
		{9940BD00-2C5C-4207-9B2A-20059EBBFA15}.Debug|iPhone.Deploy.0 = Debug|Any CPU
		{9940BD00-2C5C-4207-9B2A-20059EBBFA15}.Debug|iPhoneSimulator.ActiveCfg = Debug|Any CPU
		{9940BD00-2C5C-4207-9B2A-20059EBBFA15}.Debug|iPhoneSimulator.Build.0 = Debug|Any CPU
		{9940BD00-2C5C-4207-9B2A-20059EBBFA15}.Debug|iPhoneSimulator.Deploy.0 = Debug|Any CPU
		{9940BD00-2C5C-4207-9B2A-20059EBBFA15}.Release|Any CPU.ActiveCfg = Release|Any CPU
		{9940BD00-2C5C-4207-9B2A-20059EBBFA15}.Release|Any CPU.Build.0 = Release|Any CPU
		{9940BD00-2C5C-4207-9B2A-20059EBBFA15}.Release|Any CPU.Deploy.0 = Release|Any CPU
		{9940BD00-2C5C-4207-9B2A-20059EBBFA15}.Release|iPhone.ActiveCfg = Release|Any CPU
		{9940BD00-2C5C-4207-9B2A-20059EBBFA15}.Release|iPhone.Build.0 = Release|Any CPU
		{9940BD00-2C5C-4207-9B2A-20059EBBFA15}.Release|iPhone.Deploy.0 = Release|Any CPU
		{9940BD00-2C5C-4207-9B2A-20059EBBFA15}.Release|iPhoneSimulator.ActiveCfg = Release|Any CPU
		{9940BD00-2C5C-4207-9B2A-20059EBBFA15}.Release|iPhoneSimulator.Build.0 = Release|Any CPU
		{9940BD00-2C5C-4207-9B2A-20059EBBFA15}.Release|iPhoneSimulator.Deploy.0 = Release|Any CPU
		{39DA8331-B24B-441C-8DA0-C5FF89D6AC1E}.Debug|Any CPU.ActiveCfg = Debug|iPhone
		{39DA8331-B24B-441C-8DA0-C5FF89D6AC1E}.Debug|Any CPU.Build.0 = Debug|iPhone
		{39DA8331-B24B-441C-8DA0-C5FF89D6AC1E}.Debug|Any CPU.Deploy.0 = Debug|iPhone
		{39DA8331-B24B-441C-8DA0-C5FF89D6AC1E}.Debug|iPhone.ActiveCfg = Debug|iPhone
		{39DA8331-B24B-441C-8DA0-C5FF89D6AC1E}.Debug|iPhone.Build.0 = Debug|iPhone
		{39DA8331-B24B-441C-8DA0-C5FF89D6AC1E}.Debug|iPhone.Deploy.0 = Debug|iPhone
		{39DA8331-B24B-441C-8DA0-C5FF89D6AC1E}.Debug|iPhoneSimulator.ActiveCfg = Debug|iPhoneSimulator
		{39DA8331-B24B-441C-8DA0-C5FF89D6AC1E}.Debug|iPhoneSimulator.Build.0 = Debug|iPhoneSimulator
		{39DA8331-B24B-441C-8DA0-C5FF89D6AC1E}.Debug|iPhoneSimulator.Deploy.0 = Debug|iPhoneSimulator
		{39DA8331-B24B-441C-8DA0-C5FF89D6AC1E}.Release|Any CPU.ActiveCfg = Release|iPhoneSimulator
		{39DA8331-B24B-441C-8DA0-C5FF89D6AC1E}.Release|Any CPU.Build.0 = Release|iPhoneSimulator
		{39DA8331-B24B-441C-8DA0-C5FF89D6AC1E}.Release|Any CPU.Deploy.0 = Release|iPhoneSimulator
		{39DA8331-B24B-441C-8DA0-C5FF89D6AC1E}.Release|iPhone.ActiveCfg = Release|iPhone
		{39DA8331-B24B-441C-8DA0-C5FF89D6AC1E}.Release|iPhone.Build.0 = Release|iPhone
		{39DA8331-B24B-441C-8DA0-C5FF89D6AC1E}.Release|iPhone.Deploy.0 = Release|iPhone
		{39DA8331-B24B-441C-8DA0-C5FF89D6AC1E}.Release|iPhoneSimulator.ActiveCfg = Release|iPhoneSimulator
		{39DA8331-B24B-441C-8DA0-C5FF89D6AC1E}.Release|iPhoneSimulator.Build.0 = Release|iPhoneSimulator
		{39DA8331-B24B-441C-8DA0-C5FF89D6AC1E}.Release|iPhoneSimulator.Deploy.0 = Release|iPhoneSimulator
		{C4051058-5802-4041-80C8-B4A671E2A9CE}.Debug|Any CPU.ActiveCfg = Debug|Any CPU
		{C4051058-5802-4041-80C8-B4A671E2A9CE}.Debug|Any CPU.Build.0 = Debug|Any CPU
		{C4051058-5802-4041-80C8-B4A671E2A9CE}.Debug|Any CPU.Deploy.0 = Debug|Any CPU
		{C4051058-5802-4041-80C8-B4A671E2A9CE}.Debug|iPhone.ActiveCfg = Debug|Any CPU
		{C4051058-5802-4041-80C8-B4A671E2A9CE}.Debug|iPhone.Build.0 = Debug|Any CPU
		{C4051058-5802-4041-80C8-B4A671E2A9CE}.Debug|iPhone.Deploy.0 = Debug|Any CPU
		{C4051058-5802-4041-80C8-B4A671E2A9CE}.Debug|iPhoneSimulator.ActiveCfg = Debug|Any CPU
		{C4051058-5802-4041-80C8-B4A671E2A9CE}.Debug|iPhoneSimulator.Build.0 = Debug|Any CPU
		{C4051058-5802-4041-80C8-B4A671E2A9CE}.Debug|iPhoneSimulator.Deploy.0 = Debug|Any CPU
		{C4051058-5802-4041-80C8-B4A671E2A9CE}.Release|Any CPU.ActiveCfg = Release|Any CPU
		{C4051058-5802-4041-80C8-B4A671E2A9CE}.Release|Any CPU.Build.0 = Release|Any CPU
		{C4051058-5802-4041-80C8-B4A671E2A9CE}.Release|Any CPU.Deploy.0 = Release|Any CPU
		{C4051058-5802-4041-80C8-B4A671E2A9CE}.Release|iPhone.ActiveCfg = Release|Any CPU
		{C4051058-5802-4041-80C8-B4A671E2A9CE}.Release|iPhone.Build.0 = Release|Any CPU
		{C4051058-5802-4041-80C8-B4A671E2A9CE}.Release|iPhone.Deploy.0 = Release|Any CPU
		{C4051058-5802-4041-80C8-B4A671E2A9CE}.Release|iPhoneSimulator.ActiveCfg = Release|Any CPU
		{C4051058-5802-4041-80C8-B4A671E2A9CE}.Release|iPhoneSimulator.Build.0 = Release|Any CPU
		{C4051058-5802-4041-80C8-B4A671E2A9CE}.Release|iPhoneSimulator.Deploy.0 = Release|Any CPU
	EndGlobalSection
	GlobalSection(SolutionProperties) = preSolution
		HideSolutionNode = FALSE
	EndGlobalSection
	GlobalSection(ExtensibilityGlobals) = postSolution
		SolutionGuid = {D1C3AF8C-B0F1-4AD2-B454-782E73C9989F}
	EndGlobalSection
EndGlobal
